
Microsoft Visual Studio Solution File, Format Version 12.00
# Visual Studio Version 17
VisualStudioVersion = 17.4.33213.308
MinimumVisualStudioVersion = 10.0.40219.1
Project("{2150E333-8FDC-42A3-9474-1A3956D46DE8}") = "Engine", "Engine", "{AF5EDE68-FC3A-4AA8-BFE6-1AE9CD0C5441}"
EndProject
Project("{2150E333-8FDC-42A3-9474-1A3956D46DE8}") = "Framework", "Framework", "{4BDC85BC-2D4B-4BB1-8075-611D4C7173E0}"
EndProject
Project("{8BC9CEB8-8B4A-11D0-8D11-00A0C91BC942}") = "Core", "Framework\Core\Core.vcxproj", "{FE43FAE6-2D45-450D-A80E-78B2E8703E25}"
EndProject
Project("{8BC9CEB8-8B4A-11D0-8D11-00A0C91BC942}") = "WinterEngine", "Engine\WinterEngine\WinterEngine.vcxproj", "{BC8A934C-61A7-4B59-BAFF-788B7B26832A}"
EndProject
Project("{2150E333-8FDC-42A3-9474-1A3956D46DE8}") = "VSProps", "VSProps", "{8E9FEC02-6016-4019-948B-53E19BD17B49}"
	ProjectSection(SolutionItems) = preProject
		VSProps\EngineLib.props = VSProps\EngineLib.props
		VSProps\FrameworkLib.props = VSProps\FrameworkLib.props
		VSProps\WinterEngine.props = VSProps\WinterEngine.props
	EndProjectSection
EndProject
Project("{2150E333-8FDC-42A3-9474-1A3956D46DE8}") = "Common", "Common", "{7DBE77A2-CB1F-4007-8642-8F41DE1F2D87}"
	ProjectSection(SolutionItems) = preProject
		VSProps\Common\Common.props = VSProps\Common\Common.props
		VSProps\Common\Library.props = VSProps\Common\Library.props
	EndProjectSection
EndProject
Project("{2150E333-8FDC-42A3-9474-1A3956D46DE8}") = "VGP242", "VGP242", "{46C50479-3FE2-4CE1-842B-BC2B0D617002}"
EndProject
Project("{8BC9CEB8-8B4A-11D0-8D11-00A0C91BC942}") = "01_HelloWindow", "VGP242\01_HelloWindow\01_HelloWindow.vcxproj", "{CAB3D668-F259-4D3B-A03C-CA7FA9D08395}"
EndProject
Project("{8BC9CEB8-8B4A-11D0-8D11-00A0C91BC942}") = "Math", "Framework\Math\Math.vcxproj", "{287EF1D0-4DC9-4D8E-A749-EF669BE5282A}"
EndProject
Project("{8BC9CEB8-8B4A-11D0-8D11-00A0C91BC942}") = "Graphics", "Framework\Graphics\Graphics.vcxproj", "{66CCE522-C67F-4DB8-96A4-C356FB87A1EF}"
EndProject
Project("{2150E333-8FDC-42A3-9474-1A3956D46DE8}") = "External", "External", "{C944C136-C113-4AFB-8DAF-B677068B1357}"
EndProject
Project("{8BC9CEB8-8B4A-11D0-8D11-00A0C91BC942}") = "DirectXTK_Desktop_2019", "External\DirectXTK\DirectXTK_Desktop_2019.vcxproj", "{E0B52AE7-E160-4D32-BF3F-910B785E5A8E}"
EndProject
Project("{8BC9CEB8-8B4A-11D0-8D11-00A0C91BC942}") = "02_HelloShape", "VGP242\02_HelloShape\02_HelloShape.vcxproj", "{4559B067-4DB2-46E7-823D-CB9FDFB4FCEB}"
EndProject
Project("{8BC9CEB8-8B4A-11D0-8D11-00A0C91BC942}") = "Input", "Framework\Input\Input.vcxproj", "{3629F01A-6FED-42EB-B308-E9F7F1346EAF}"
EndProject
Project("{2150E333-8FDC-42A3-9474-1A3956D46DE8}") = "Assets", "Assets", "{F9E85EB0-CAC9-4892-92C1-600A0C5FE81D}"
EndProject
Project("{2150E333-8FDC-42A3-9474-1A3956D46DE8}") = "Shaders", "Shaders", "{E21E2606-7E10-4B5B-B705-6FE8BB5A193C}"
	ProjectSection(SolutionItems) = preProject
		Assets\Shaders\CelShading.fx = Assets\Shaders\CelShading.fx
		Assets\Shaders\DoSomething.fx = Assets\Shaders\DoSomething.fx
		Assets\Shaders\DoTexturing.fx = Assets\Shaders\DoTexturing.fx
		Assets\Shaders\DoTransform.fx = Assets\Shaders\DoTransform.fx
		Assets\Shaders\GaussianBlur.fx = Assets\Shaders\GaussianBlur.fx
		Assets\Shaders\Particle.fx = Assets\Shaders\Particle.fx
		Assets\Shaders\Portal.fx = Assets\Shaders\Portal.fx
		Assets\Shaders\PostProcessing.fx = Assets\Shaders\PostProcessing.fx
		Assets\Shaders\Shadow.fx = Assets\Shaders\Shadow.fx
		Assets\Shaders\Standard.fx = Assets\Shaders\Standard.fx
		Assets\Shaders\Terrain.fx = Assets\Shaders\Terrain.fx
	EndProjectSection
EndProject
Project("{8BC9CEB8-8B4A-11D0-8D11-00A0C91BC942}") = "03_HelloCube", "VGP242\03_HelloCube\03_HelloCube.vcxproj", "{84B7E128-0E1D-4AB6-B7B1-F7B1D2A13F05}"
EndProject
Project("{8BC9CEB8-8B4A-11D0-8D11-00A0C91BC942}") = "04_HelloMeshBuilder", "VGP242\04_HelloMeshBuilder\04_HelloMeshBuilder.vcxproj", "{B901F3E9-6456-41B5-ABD1-C2E04AEEEDC9}"
EndProject
Project("{8BC9CEB8-8B4A-11D0-8D11-00A0C91BC942}") = "05_HelloSimpleDraw", "VGP242\05_HelloSimpleDraw\05_HelloSimpleDraw.vcxproj", "{70EB4FFA-0C0E-4786-BF1C-5B9D4D949BBD}"
EndProject
Project("{8BC9CEB8-8B4A-11D0-8D11-00A0C91BC942}") = "ImGui", "External\ImGui\ImGui.vcxproj", "{52D656A2-A2F4-4C54-A3C7-653427BED1E8}"
EndProject
Project("{8BC9CEB8-8B4A-11D0-8D11-00A0C91BC942}") = "06_HelloImGui", "VGP242\06_HelloImGui\06_HelloImGui.vcxproj", "{7ABFA8B4-3CB8-4D88-8F47-5634AE2E1E16}"
EndProject
Project("{8BC9CEB8-8B4A-11D0-8D11-00A0C91BC942}") = "07_HelloSolarSystem", "VGP242\07_HelloSolarSystem\07_HelloSolarSystem.vcxproj", "{05D614EF-A159-4C9F-9CA2-8F3F68C807F1}"
EndProject
Project("{2150E333-8FDC-42A3-9474-1A3956D46DE8}") = "VGP330", "VGP330", "{B384D79C-5C84-4C95-B354-537EB43B3CAC}"
EndProject
Project("{8BC9CEB8-8B4A-11D0-8D11-00A0C91BC942}") = "10_HelloLighting", "VGP330\10_HelloLighting\10_HelloLighting.vcxproj", "{D9EE7297-A247-4C59-917D-21E02DC62326}"
EndProject
Project("{8BC9CEB8-8B4A-11D0-8D11-00A0C91BC942}") = "11_Hello_CelShading", "VGP330\11_Hello_CelShading\11_Hello_CelShading.vcxproj", "{4D51DD94-8466-41C7-AA4B-081E722A3C00}"
EndProject
Project("{2150E333-8FDC-42A3-9474-1A3956D46DE8}") = "Tools", "Tools", "{12A4C81D-FB03-49AE-B4AE-AD9C159381D5}"
EndProject
Project("{8BC9CEB8-8B4A-11D0-8D11-00A0C91BC942}") = "ModelImporter", "Tools\ModelImporter\ModelImporter.vcxproj", "{122C67F8-A668-45F8-859C-6A3F5843D158}"
EndProject
Project("{8BC9CEB8-8B4A-11D0-8D11-00A0C91BC942}") = "12_HelloModel", "VGP330\12_HelloModel\12_HelloModel.vcxproj", "{B11F511B-022B-4684-956A-6923B585DCB6}"
EndProject
Project("{8BC9CEB8-8B4A-11D0-8D11-00A0C91BC942}") = "13_HelloPostProcessing", "VGP330\13_HelloPostProcessing\13_HelloPostProcessing.vcxproj", "{9EE5339D-BADE-4B6E-B274-53A86890F396}"
EndProject
Project("{8BC9CEB8-8B4A-11D0-8D11-00A0C91BC942}") = "14_HelloGaussianBlur", "VGP330\14_HelloGaussianBlur\14_HelloGaussianBlur.vcxproj", "{DFBD0E7B-7BA1-45F2-95EC-E741B7FAE5A3}"
EndProject
Project("{8BC9CEB8-8B4A-11D0-8D11-00A0C91BC942}") = "15_HelloTerrain", "VGP330\15_HelloTerrain\15_HelloTerrain.vcxproj", "{2B3D87B9-1DD7-42E1-A8FE-B43C68B2EDC3}"
EndProject
Project("{8BC9CEB8-8B4A-11D0-8D11-00A0C91BC942}") = "16_HelloShadow", "VGP330\16_HelloShadow\16_HelloShadow.vcxproj", "{05AA5773-DE91-44E6-905E-74C88787B36A}"
EndProject
Project("{8BC9CEB8-8B4A-11D0-8D11-00A0C91BC942}") = "17_HelloPortals", "VGP330\17_HelloPortals\17_HelloPortals.vcxproj", "{D48768FB-CB28-4553-966B-C28BB12648C0}"
EndProject
Project("{2150E333-8FDC-42A3-9474-1A3956D46DE8}") = "VGP334", "VGP334", "{97C4436F-8C08-427B-9939-26C0EDD17DC1}"
EndProject
Project("{8BC9CEB8-8B4A-11D0-8D11-00A0C91BC942}") = "16_HelloAnimation", "VGP334\16_HelloAnimation\16_HelloAnimation.vcxproj", "{AC68E606-E32A-42B9-BCE7-B2D242282C37}"
EndProject
Project("{8BC9CEB8-8B4A-11D0-8D11-00A0C91BC942}") = "17_HelloSkeleton", "VGP334\17_HelloSkeleton\17_HelloSkeleton.vcxproj", "{9F7435C3-037A-43CF-AD01-AB9F418D703F}"
EndProject
Project("{8BC9CEB8-8B4A-11D0-8D11-00A0C91BC942}") = "18_HelloSkeletonAnimation", "VGP334\18_HelloSkeletonAnimation\18_HelloSkeletonAnimation.vcxproj", "{D6D2A066-6CF4-46BC-BC9C-207769C41A00}"
EndProject
Project("{8BC9CEB8-8B4A-11D0-8D11-00A0C91BC942}") = "Bullet", "External\Bullet\Bullet.vcxproj", "{516192EB-788A-4FE7-B2B7-2EF9AC036B12}"
EndProject
Project("{8BC9CEB8-8B4A-11D0-8D11-00A0C91BC942}") = "Physics", "Framework\Physics\Physics.vcxproj", "{23237887-AAB7-4D0A-8F2C-F1E58C731902}"
EndProject
Project("{8BC9CEB8-8B4A-11D0-8D11-00A0C91BC942}") = "19_HelloPhysics", "VGP334\19_HelloPhysics\19_HelloPhysics.vcxproj", "{5CB79181-A632-4DFD-87BD-10C1AFCCDC8A}"
EndProject
Project("{8BC9CEB8-8B4A-11D0-8D11-00A0C91BC942}") = "20_HelloSoftBody", "VGP334\20_HelloSoftBody\20_HelloSoftBody.vcxproj", "{CA34951B-5483-4741-A6ED-01B7DD23BD98}"
EndProject
Project("{8BC9CEB8-8B4A-11D0-8D11-00A0C91BC942}") = "21_HelloParticles", "VGP334\21_HelloParticles\21_HelloParticles.vcxproj", "{20566AE8-92A9-4F67-9FD8-748F0ADA6972}"
EndProject
Project("{8BC9CEB8-8B4A-11D0-8D11-00A0C91BC942}") = "22_HelloEvents", "VGP334\22_HelloEvents\22_HelloEvents.vcxproj", "{F0E40B4B-BA9D-454E-862D-E8D2FB90D551}"
EndProject
Project("{8BC9CEB8-8B4A-11D0-8D11-00A0C91BC942}") = "DirectXTKAudio_Desktop_2022_Win8", "External\DirectXTK\Audio\DirectXTKAudio_Desktop_2022_Win8.vcxproj", "{4F150A30-CECB-49D1-8283-6A3F57438CF5}"
EndProject
Project("{8BC9CEB8-8B4A-11D0-8D11-00A0C91BC942}") = "Audio", "Framework\Audio\Audio.vcxproj", "{380FB1A7-CC92-4F8D-9254-6834182C7F8D}"
EndProject
Global
	GlobalSection(SolutionConfigurationPlatforms) = preSolution
		Debug|x64 = Debug|x64
		Debug|x86 = Debug|x86
		Release|x64 = Release|x64
		Release|x86 = Release|x86
	EndGlobalSection
	GlobalSection(ProjectConfigurationPlatforms) = postSolution
		{FE43FAE6-2D45-450D-A80E-78B2E8703E25}.Debug|x64.ActiveCfg = Debug|x64
		{FE43FAE6-2D45-450D-A80E-78B2E8703E25}.Debug|x64.Build.0 = Debug|x64
		{FE43FAE6-2D45-450D-A80E-78B2E8703E25}.Debug|x86.ActiveCfg = Debug|Win32
		{FE43FAE6-2D45-450D-A80E-78B2E8703E25}.Debug|x86.Build.0 = Debug|Win32
		{FE43FAE6-2D45-450D-A80E-78B2E8703E25}.Release|x64.ActiveCfg = Release|x64
		{FE43FAE6-2D45-450D-A80E-78B2E8703E25}.Release|x64.Build.0 = Release|x64
		{FE43FAE6-2D45-450D-A80E-78B2E8703E25}.Release|x86.ActiveCfg = Release|Win32
		{FE43FAE6-2D45-450D-A80E-78B2E8703E25}.Release|x86.Build.0 = Release|Win32
		{BC8A934C-61A7-4B59-BAFF-788B7B26832A}.Debug|x64.ActiveCfg = Debug|x64
		{BC8A934C-61A7-4B59-BAFF-788B7B26832A}.Debug|x64.Build.0 = Debug|x64
		{BC8A934C-61A7-4B59-BAFF-788B7B26832A}.Debug|x86.ActiveCfg = Debug|Win32
		{BC8A934C-61A7-4B59-BAFF-788B7B26832A}.Debug|x86.Build.0 = Debug|Win32
		{BC8A934C-61A7-4B59-BAFF-788B7B26832A}.Release|x64.ActiveCfg = Release|x64
		{BC8A934C-61A7-4B59-BAFF-788B7B26832A}.Release|x64.Build.0 = Release|x64
		{BC8A934C-61A7-4B59-BAFF-788B7B26832A}.Release|x86.ActiveCfg = Release|Win32
		{BC8A934C-61A7-4B59-BAFF-788B7B26832A}.Release|x86.Build.0 = Release|Win32
		{CAB3D668-F259-4D3B-A03C-CA7FA9D08395}.Debug|x64.ActiveCfg = Debug|x64
		{CAB3D668-F259-4D3B-A03C-CA7FA9D08395}.Debug|x64.Build.0 = Debug|x64
		{CAB3D668-F259-4D3B-A03C-CA7FA9D08395}.Debug|x86.ActiveCfg = Debug|Win32
		{CAB3D668-F259-4D3B-A03C-CA7FA9D08395}.Debug|x86.Build.0 = Debug|Win32
		{CAB3D668-F259-4D3B-A03C-CA7FA9D08395}.Release|x64.ActiveCfg = Release|x64
		{CAB3D668-F259-4D3B-A03C-CA7FA9D08395}.Release|x64.Build.0 = Release|x64
		{CAB3D668-F259-4D3B-A03C-CA7FA9D08395}.Release|x86.ActiveCfg = Release|Win32
		{CAB3D668-F259-4D3B-A03C-CA7FA9D08395}.Release|x86.Build.0 = Release|Win32
		{287EF1D0-4DC9-4D8E-A749-EF669BE5282A}.Debug|x64.ActiveCfg = Debug|x64
		{287EF1D0-4DC9-4D8E-A749-EF669BE5282A}.Debug|x64.Build.0 = Debug|x64
		{287EF1D0-4DC9-4D8E-A749-EF669BE5282A}.Debug|x86.ActiveCfg = Debug|Win32
		{287EF1D0-4DC9-4D8E-A749-EF669BE5282A}.Debug|x86.Build.0 = Debug|Win32
		{287EF1D0-4DC9-4D8E-A749-EF669BE5282A}.Release|x64.ActiveCfg = Release|x64
		{287EF1D0-4DC9-4D8E-A749-EF669BE5282A}.Release|x64.Build.0 = Release|x64
		{287EF1D0-4DC9-4D8E-A749-EF669BE5282A}.Release|x86.ActiveCfg = Release|Win32
		{287EF1D0-4DC9-4D8E-A749-EF669BE5282A}.Release|x86.Build.0 = Release|Win32
		{66CCE522-C67F-4DB8-96A4-C356FB87A1EF}.Debug|x64.ActiveCfg = Debug|x64
		{66CCE522-C67F-4DB8-96A4-C356FB87A1EF}.Debug|x64.Build.0 = Debug|x64
		{66CCE522-C67F-4DB8-96A4-C356FB87A1EF}.Debug|x86.ActiveCfg = Debug|Win32
		{66CCE522-C67F-4DB8-96A4-C356FB87A1EF}.Debug|x86.Build.0 = Debug|Win32
		{66CCE522-C67F-4DB8-96A4-C356FB87A1EF}.Release|x64.ActiveCfg = Release|x64
		{66CCE522-C67F-4DB8-96A4-C356FB87A1EF}.Release|x64.Build.0 = Release|x64
		{66CCE522-C67F-4DB8-96A4-C356FB87A1EF}.Release|x86.ActiveCfg = Release|Win32
		{66CCE522-C67F-4DB8-96A4-C356FB87A1EF}.Release|x86.Build.0 = Release|Win32
		{E0B52AE7-E160-4D32-BF3F-910B785E5A8E}.Debug|x64.ActiveCfg = Debug|x64
		{E0B52AE7-E160-4D32-BF3F-910B785E5A8E}.Debug|x64.Build.0 = Debug|x64
		{E0B52AE7-E160-4D32-BF3F-910B785E5A8E}.Debug|x86.ActiveCfg = Debug|Win32
		{E0B52AE7-E160-4D32-BF3F-910B785E5A8E}.Debug|x86.Build.0 = Debug|Win32
		{E0B52AE7-E160-4D32-BF3F-910B785E5A8E}.Release|x64.ActiveCfg = Release|x64
		{E0B52AE7-E160-4D32-BF3F-910B785E5A8E}.Release|x64.Build.0 = Release|x64
		{E0B52AE7-E160-4D32-BF3F-910B785E5A8E}.Release|x86.ActiveCfg = Release|Win32
		{E0B52AE7-E160-4D32-BF3F-910B785E5A8E}.Release|x86.Build.0 = Release|Win32
		{4559B067-4DB2-46E7-823D-CB9FDFB4FCEB}.Debug|x64.ActiveCfg = Debug|x64
		{4559B067-4DB2-46E7-823D-CB9FDFB4FCEB}.Debug|x64.Build.0 = Debug|x64
		{4559B067-4DB2-46E7-823D-CB9FDFB4FCEB}.Debug|x86.ActiveCfg = Debug|Win32
		{4559B067-4DB2-46E7-823D-CB9FDFB4FCEB}.Debug|x86.Build.0 = Debug|Win32
		{4559B067-4DB2-46E7-823D-CB9FDFB4FCEB}.Release|x64.ActiveCfg = Release|x64
		{4559B067-4DB2-46E7-823D-CB9FDFB4FCEB}.Release|x64.Build.0 = Release|x64
		{4559B067-4DB2-46E7-823D-CB9FDFB4FCEB}.Release|x86.ActiveCfg = Release|Win32
		{4559B067-4DB2-46E7-823D-CB9FDFB4FCEB}.Release|x86.Build.0 = Release|Win32
		{3629F01A-6FED-42EB-B308-E9F7F1346EAF}.Debug|x64.ActiveCfg = Debug|x64
		{3629F01A-6FED-42EB-B308-E9F7F1346EAF}.Debug|x64.Build.0 = Debug|x64
		{3629F01A-6FED-42EB-B308-E9F7F1346EAF}.Debug|x86.ActiveCfg = Debug|Win32
		{3629F01A-6FED-42EB-B308-E9F7F1346EAF}.Debug|x86.Build.0 = Debug|Win32
		{3629F01A-6FED-42EB-B308-E9F7F1346EAF}.Release|x64.ActiveCfg = Release|x64
		{3629F01A-6FED-42EB-B308-E9F7F1346EAF}.Release|x64.Build.0 = Release|x64
		{3629F01A-6FED-42EB-B308-E9F7F1346EAF}.Release|x86.ActiveCfg = Release|Win32
		{3629F01A-6FED-42EB-B308-E9F7F1346EAF}.Release|x86.Build.0 = Release|Win32
		{84B7E128-0E1D-4AB6-B7B1-F7B1D2A13F05}.Debug|x64.ActiveCfg = Debug|x64
		{84B7E128-0E1D-4AB6-B7B1-F7B1D2A13F05}.Debug|x64.Build.0 = Debug|x64
		{84B7E128-0E1D-4AB6-B7B1-F7B1D2A13F05}.Debug|x86.ActiveCfg = Debug|Win32
		{84B7E128-0E1D-4AB6-B7B1-F7B1D2A13F05}.Debug|x86.Build.0 = Debug|Win32
		{84B7E128-0E1D-4AB6-B7B1-F7B1D2A13F05}.Release|x64.ActiveCfg = Release|x64
		{84B7E128-0E1D-4AB6-B7B1-F7B1D2A13F05}.Release|x64.Build.0 = Release|x64
		{84B7E128-0E1D-4AB6-B7B1-F7B1D2A13F05}.Release|x86.ActiveCfg = Release|Win32
		{84B7E128-0E1D-4AB6-B7B1-F7B1D2A13F05}.Release|x86.Build.0 = Release|Win32
		{B901F3E9-6456-41B5-ABD1-C2E04AEEEDC9}.Debug|x64.ActiveCfg = Debug|x64
		{B901F3E9-6456-41B5-ABD1-C2E04AEEEDC9}.Debug|x64.Build.0 = Debug|x64
		{B901F3E9-6456-41B5-ABD1-C2E04AEEEDC9}.Debug|x86.ActiveCfg = Debug|Win32
		{B901F3E9-6456-41B5-ABD1-C2E04AEEEDC9}.Debug|x86.Build.0 = Debug|Win32
		{B901F3E9-6456-41B5-ABD1-C2E04AEEEDC9}.Release|x64.ActiveCfg = Release|x64
		{B901F3E9-6456-41B5-ABD1-C2E04AEEEDC9}.Release|x64.Build.0 = Release|x64
		{B901F3E9-6456-41B5-ABD1-C2E04AEEEDC9}.Release|x86.ActiveCfg = Release|Win32
		{B901F3E9-6456-41B5-ABD1-C2E04AEEEDC9}.Release|x86.Build.0 = Release|Win32
		{70EB4FFA-0C0E-4786-BF1C-5B9D4D949BBD}.Debug|x64.ActiveCfg = Debug|x64
		{70EB4FFA-0C0E-4786-BF1C-5B9D4D949BBD}.Debug|x64.Build.0 = Debug|x64
		{70EB4FFA-0C0E-4786-BF1C-5B9D4D949BBD}.Debug|x86.ActiveCfg = Debug|Win32
		{70EB4FFA-0C0E-4786-BF1C-5B9D4D949BBD}.Debug|x86.Build.0 = Debug|Win32
		{70EB4FFA-0C0E-4786-BF1C-5B9D4D949BBD}.Release|x64.ActiveCfg = Release|x64
		{70EB4FFA-0C0E-4786-BF1C-5B9D4D949BBD}.Release|x64.Build.0 = Release|x64
		{70EB4FFA-0C0E-4786-BF1C-5B9D4D949BBD}.Release|x86.ActiveCfg = Release|Win32
		{70EB4FFA-0C0E-4786-BF1C-5B9D4D949BBD}.Release|x86.Build.0 = Release|Win32
		{52D656A2-A2F4-4C54-A3C7-653427BED1E8}.Debug|x64.ActiveCfg = Debug|x64
		{52D656A2-A2F4-4C54-A3C7-653427BED1E8}.Debug|x64.Build.0 = Debug|x64
		{52D656A2-A2F4-4C54-A3C7-653427BED1E8}.Debug|x86.ActiveCfg = Debug|Win32
		{52D656A2-A2F4-4C54-A3C7-653427BED1E8}.Debug|x86.Build.0 = Debug|Win32
		{52D656A2-A2F4-4C54-A3C7-653427BED1E8}.Release|x64.ActiveCfg = Release|x64
		{52D656A2-A2F4-4C54-A3C7-653427BED1E8}.Release|x64.Build.0 = Release|x64
		{52D656A2-A2F4-4C54-A3C7-653427BED1E8}.Release|x86.ActiveCfg = Release|Win32
		{52D656A2-A2F4-4C54-A3C7-653427BED1E8}.Release|x86.Build.0 = Release|Win32
		{7ABFA8B4-3CB8-4D88-8F47-5634AE2E1E16}.Debug|x64.ActiveCfg = Debug|x64
		{7ABFA8B4-3CB8-4D88-8F47-5634AE2E1E16}.Debug|x64.Build.0 = Debug|x64
		{7ABFA8B4-3CB8-4D88-8F47-5634AE2E1E16}.Debug|x86.ActiveCfg = Debug|Win32
		{7ABFA8B4-3CB8-4D88-8F47-5634AE2E1E16}.Debug|x86.Build.0 = Debug|Win32
		{7ABFA8B4-3CB8-4D88-8F47-5634AE2E1E16}.Release|x64.ActiveCfg = Release|x64
		{7ABFA8B4-3CB8-4D88-8F47-5634AE2E1E16}.Release|x64.Build.0 = Release|x64
		{7ABFA8B4-3CB8-4D88-8F47-5634AE2E1E16}.Release|x86.ActiveCfg = Release|Win32
		{7ABFA8B4-3CB8-4D88-8F47-5634AE2E1E16}.Release|x86.Build.0 = Release|Win32
		{05D614EF-A159-4C9F-9CA2-8F3F68C807F1}.Debug|x64.ActiveCfg = Debug|x64
		{05D614EF-A159-4C9F-9CA2-8F3F68C807F1}.Debug|x64.Build.0 = Debug|x64
		{05D614EF-A159-4C9F-9CA2-8F3F68C807F1}.Debug|x86.ActiveCfg = Debug|Win32
		{05D614EF-A159-4C9F-9CA2-8F3F68C807F1}.Debug|x86.Build.0 = Debug|Win32
		{05D614EF-A159-4C9F-9CA2-8F3F68C807F1}.Release|x64.ActiveCfg = Release|x64
		{05D614EF-A159-4C9F-9CA2-8F3F68C807F1}.Release|x64.Build.0 = Release|x64
		{05D614EF-A159-4C9F-9CA2-8F3F68C807F1}.Release|x86.ActiveCfg = Release|Win32
		{05D614EF-A159-4C9F-9CA2-8F3F68C807F1}.Release|x86.Build.0 = Release|Win32
		{D9EE7297-A247-4C59-917D-21E02DC62326}.Debug|x64.ActiveCfg = Debug|x64
		{D9EE7297-A247-4C59-917D-21E02DC62326}.Debug|x64.Build.0 = Debug|x64
		{D9EE7297-A247-4C59-917D-21E02DC62326}.Debug|x86.ActiveCfg = Debug|Win32
		{D9EE7297-A247-4C59-917D-21E02DC62326}.Debug|x86.Build.0 = Debug|Win32
		{D9EE7297-A247-4C59-917D-21E02DC62326}.Release|x64.ActiveCfg = Release|x64
		{D9EE7297-A247-4C59-917D-21E02DC62326}.Release|x64.Build.0 = Release|x64
		{D9EE7297-A247-4C59-917D-21E02DC62326}.Release|x86.ActiveCfg = Release|Win32
		{D9EE7297-A247-4C59-917D-21E02DC62326}.Release|x86.Build.0 = Release|Win32
		{4D51DD94-8466-41C7-AA4B-081E722A3C00}.Debug|x64.ActiveCfg = Debug|x64
		{4D51DD94-8466-41C7-AA4B-081E722A3C00}.Debug|x64.Build.0 = Debug|x64
		{4D51DD94-8466-41C7-AA4B-081E722A3C00}.Debug|x86.ActiveCfg = Debug|Win32
		{4D51DD94-8466-41C7-AA4B-081E722A3C00}.Debug|x86.Build.0 = Debug|Win32
		{4D51DD94-8466-41C7-AA4B-081E722A3C00}.Release|x64.ActiveCfg = Release|x64
		{4D51DD94-8466-41C7-AA4B-081E722A3C00}.Release|x64.Build.0 = Release|x64
		{4D51DD94-8466-41C7-AA4B-081E722A3C00}.Release|x86.ActiveCfg = Release|Win32
		{4D51DD94-8466-41C7-AA4B-081E722A3C00}.Release|x86.Build.0 = Release|Win32
		{122C67F8-A668-45F8-859C-6A3F5843D158}.Debug|x64.ActiveCfg = Debug|x64
		{122C67F8-A668-45F8-859C-6A3F5843D158}.Debug|x64.Build.0 = Debug|x64
		{122C67F8-A668-45F8-859C-6A3F5843D158}.Debug|x86.ActiveCfg = Debug|Win32
		{122C67F8-A668-45F8-859C-6A3F5843D158}.Debug|x86.Build.0 = Debug|Win32
		{122C67F8-A668-45F8-859C-6A3F5843D158}.Release|x64.ActiveCfg = Release|x64
		{122C67F8-A668-45F8-859C-6A3F5843D158}.Release|x64.Build.0 = Release|x64
		{122C67F8-A668-45F8-859C-6A3F5843D158}.Release|x86.ActiveCfg = Release|Win32
		{122C67F8-A668-45F8-859C-6A3F5843D158}.Release|x86.Build.0 = Release|Win32
		{B11F511B-022B-4684-956A-6923B585DCB6}.Debug|x64.ActiveCfg = Debug|x64
		{B11F511B-022B-4684-956A-6923B585DCB6}.Debug|x64.Build.0 = Debug|x64
		{B11F511B-022B-4684-956A-6923B585DCB6}.Debug|x86.ActiveCfg = Debug|Win32
		{B11F511B-022B-4684-956A-6923B585DCB6}.Debug|x86.Build.0 = Debug|Win32
		{B11F511B-022B-4684-956A-6923B585DCB6}.Release|x64.ActiveCfg = Release|x64
		{B11F511B-022B-4684-956A-6923B585DCB6}.Release|x64.Build.0 = Release|x64
		{B11F511B-022B-4684-956A-6923B585DCB6}.Release|x86.ActiveCfg = Release|Win32
		{B11F511B-022B-4684-956A-6923B585DCB6}.Release|x86.Build.0 = Release|Win32
		{9EE5339D-BADE-4B6E-B274-53A86890F396}.Debug|x64.ActiveCfg = Debug|x64
		{9EE5339D-BADE-4B6E-B274-53A86890F396}.Debug|x64.Build.0 = Debug|x64
		{9EE5339D-BADE-4B6E-B274-53A86890F396}.Debug|x86.ActiveCfg = Debug|Win32
		{9EE5339D-BADE-4B6E-B274-53A86890F396}.Debug|x86.Build.0 = Debug|Win32
		{9EE5339D-BADE-4B6E-B274-53A86890F396}.Release|x64.ActiveCfg = Release|x64
		{9EE5339D-BADE-4B6E-B274-53A86890F396}.Release|x64.Build.0 = Release|x64
		{9EE5339D-BADE-4B6E-B274-53A86890F396}.Release|x86.ActiveCfg = Release|Win32
		{9EE5339D-BADE-4B6E-B274-53A86890F396}.Release|x86.Build.0 = Release|Win32
		{DFBD0E7B-7BA1-45F2-95EC-E741B7FAE5A3}.Debug|x64.ActiveCfg = Debug|x64
		{DFBD0E7B-7BA1-45F2-95EC-E741B7FAE5A3}.Debug|x64.Build.0 = Debug|x64
		{DFBD0E7B-7BA1-45F2-95EC-E741B7FAE5A3}.Debug|x86.ActiveCfg = Debug|Win32
		{DFBD0E7B-7BA1-45F2-95EC-E741B7FAE5A3}.Debug|x86.Build.0 = Debug|Win32
		{DFBD0E7B-7BA1-45F2-95EC-E741B7FAE5A3}.Release|x64.ActiveCfg = Release|x64
		{DFBD0E7B-7BA1-45F2-95EC-E741B7FAE5A3}.Release|x64.Build.0 = Release|x64
		{DFBD0E7B-7BA1-45F2-95EC-E741B7FAE5A3}.Release|x86.ActiveCfg = Release|Win32
		{DFBD0E7B-7BA1-45F2-95EC-E741B7FAE5A3}.Release|x86.Build.0 = Release|Win32
		{2B3D87B9-1DD7-42E1-A8FE-B43C68B2EDC3}.Debug|x64.ActiveCfg = Debug|x64
		{2B3D87B9-1DD7-42E1-A8FE-B43C68B2EDC3}.Debug|x64.Build.0 = Debug|x64
		{2B3D87B9-1DD7-42E1-A8FE-B43C68B2EDC3}.Debug|x86.ActiveCfg = Debug|Win32
		{2B3D87B9-1DD7-42E1-A8FE-B43C68B2EDC3}.Debug|x86.Build.0 = Debug|Win32
		{2B3D87B9-1DD7-42E1-A8FE-B43C68B2EDC3}.Release|x64.ActiveCfg = Release|x64
		{2B3D87B9-1DD7-42E1-A8FE-B43C68B2EDC3}.Release|x64.Build.0 = Release|x64
		{2B3D87B9-1DD7-42E1-A8FE-B43C68B2EDC3}.Release|x86.ActiveCfg = Release|Win32
		{2B3D87B9-1DD7-42E1-A8FE-B43C68B2EDC3}.Release|x86.Build.0 = Release|Win32
		{05AA5773-DE91-44E6-905E-74C88787B36A}.Debug|x64.ActiveCfg = Debug|x64
		{05AA5773-DE91-44E6-905E-74C88787B36A}.Debug|x64.Build.0 = Debug|x64
		{05AA5773-DE91-44E6-905E-74C88787B36A}.Debug|x86.ActiveCfg = Debug|Win32
		{05AA5773-DE91-44E6-905E-74C88787B36A}.Debug|x86.Build.0 = Debug|Win32
		{05AA5773-DE91-44E6-905E-74C88787B36A}.Release|x64.ActiveCfg = Release|x64
		{05AA5773-DE91-44E6-905E-74C88787B36A}.Release|x64.Build.0 = Release|x64
		{05AA5773-DE91-44E6-905E-74C88787B36A}.Release|x86.ActiveCfg = Release|Win32
		{05AA5773-DE91-44E6-905E-74C88787B36A}.Release|x86.Build.0 = Release|Win32
		{D48768FB-CB28-4553-966B-C28BB12648C0}.Debug|x64.ActiveCfg = Debug|x64
		{D48768FB-CB28-4553-966B-C28BB12648C0}.Debug|x64.Build.0 = Debug|x64
		{D48768FB-CB28-4553-966B-C28BB12648C0}.Debug|x86.ActiveCfg = Debug|Win32
		{D48768FB-CB28-4553-966B-C28BB12648C0}.Debug|x86.Build.0 = Debug|Win32
		{D48768FB-CB28-4553-966B-C28BB12648C0}.Release|x64.ActiveCfg = Release|x64
		{D48768FB-CB28-4553-966B-C28BB12648C0}.Release|x64.Build.0 = Release|x64
		{D48768FB-CB28-4553-966B-C28BB12648C0}.Release|x86.ActiveCfg = Release|Win32
		{D48768FB-CB28-4553-966B-C28BB12648C0}.Release|x86.Build.0 = Release|Win32
		{AC68E606-E32A-42B9-BCE7-B2D242282C37}.Debug|x64.ActiveCfg = Debug|x64
		{AC68E606-E32A-42B9-BCE7-B2D242282C37}.Debug|x64.Build.0 = Debug|x64
		{AC68E606-E32A-42B9-BCE7-B2D242282C37}.Debug|x86.ActiveCfg = Debug|Win32
		{AC68E606-E32A-42B9-BCE7-B2D242282C37}.Debug|x86.Build.0 = Debug|Win32
		{AC68E606-E32A-42B9-BCE7-B2D242282C37}.Release|x64.ActiveCfg = Release|x64
		{AC68E606-E32A-42B9-BCE7-B2D242282C37}.Release|x64.Build.0 = Release|x64
		{AC68E606-E32A-42B9-BCE7-B2D242282C37}.Release|x86.ActiveCfg = Release|Win32
		{AC68E606-E32A-42B9-BCE7-B2D242282C37}.Release|x86.Build.0 = Release|Win32
		{9F7435C3-037A-43CF-AD01-AB9F418D703F}.Debug|x64.ActiveCfg = Debug|x64
		{9F7435C3-037A-43CF-AD01-AB9F418D703F}.Debug|x64.Build.0 = Debug|x64
		{9F7435C3-037A-43CF-AD01-AB9F418D703F}.Debug|x86.ActiveCfg = Debug|Win32
		{9F7435C3-037A-43CF-AD01-AB9F418D703F}.Debug|x86.Build.0 = Debug|Win32
		{9F7435C3-037A-43CF-AD01-AB9F418D703F}.Release|x64.ActiveCfg = Release|x64
		{9F7435C3-037A-43CF-AD01-AB9F418D703F}.Release|x64.Build.0 = Release|x64
		{9F7435C3-037A-43CF-AD01-AB9F418D703F}.Release|x86.ActiveCfg = Release|Win32
		{9F7435C3-037A-43CF-AD01-AB9F418D703F}.Release|x86.Build.0 = Release|Win32
		{D6D2A066-6CF4-46BC-BC9C-207769C41A00}.Debug|x64.ActiveCfg = Debug|x64
		{D6D2A066-6CF4-46BC-BC9C-207769C41A00}.Debug|x64.Build.0 = Debug|x64
		{D6D2A066-6CF4-46BC-BC9C-207769C41A00}.Debug|x86.ActiveCfg = Debug|Win32
		{D6D2A066-6CF4-46BC-BC9C-207769C41A00}.Debug|x86.Build.0 = Debug|Win32
		{D6D2A066-6CF4-46BC-BC9C-207769C41A00}.Release|x64.ActiveCfg = Release|x64
		{D6D2A066-6CF4-46BC-BC9C-207769C41A00}.Release|x64.Build.0 = Release|x64
		{D6D2A066-6CF4-46BC-BC9C-207769C41A00}.Release|x86.ActiveCfg = Release|Win32
		{D6D2A066-6CF4-46BC-BC9C-207769C41A00}.Release|x86.Build.0 = Release|Win32
		{516192EB-788A-4FE7-B2B7-2EF9AC036B12}.Debug|x64.ActiveCfg = Debug|x64
		{516192EB-788A-4FE7-B2B7-2EF9AC036B12}.Debug|x64.Build.0 = Debug|x64
		{516192EB-788A-4FE7-B2B7-2EF9AC036B12}.Debug|x86.ActiveCfg = Debug|Win32
		{516192EB-788A-4FE7-B2B7-2EF9AC036B12}.Debug|x86.Build.0 = Debug|Win32
		{516192EB-788A-4FE7-B2B7-2EF9AC036B12}.Release|x64.ActiveCfg = Release|x64
		{516192EB-788A-4FE7-B2B7-2EF9AC036B12}.Release|x64.Build.0 = Release|x64
		{516192EB-788A-4FE7-B2B7-2EF9AC036B12}.Release|x86.ActiveCfg = Release|Win32
		{516192EB-788A-4FE7-B2B7-2EF9AC036B12}.Release|x86.Build.0 = Release|Win32
		{23237887-AAB7-4D0A-8F2C-F1E58C731902}.Debug|x64.ActiveCfg = Debug|x64
		{23237887-AAB7-4D0A-8F2C-F1E58C731902}.Debug|x64.Build.0 = Debug|x64
		{23237887-AAB7-4D0A-8F2C-F1E58C731902}.Debug|x86.ActiveCfg = Debug|Win32
		{23237887-AAB7-4D0A-8F2C-F1E58C731902}.Debug|x86.Build.0 = Debug|Win32
		{23237887-AAB7-4D0A-8F2C-F1E58C731902}.Release|x64.ActiveCfg = Release|x64
		{23237887-AAB7-4D0A-8F2C-F1E58C731902}.Release|x64.Build.0 = Release|x64
		{23237887-AAB7-4D0A-8F2C-F1E58C731902}.Release|x86.ActiveCfg = Release|Win32
		{23237887-AAB7-4D0A-8F2C-F1E58C731902}.Release|x86.Build.0 = Release|Win32
		{5CB79181-A632-4DFD-87BD-10C1AFCCDC8A}.Debug|x64.ActiveCfg = Debug|x64
		{5CB79181-A632-4DFD-87BD-10C1AFCCDC8A}.Debug|x64.Build.0 = Debug|x64
		{5CB79181-A632-4DFD-87BD-10C1AFCCDC8A}.Debug|x86.ActiveCfg = Debug|Win32
		{5CB79181-A632-4DFD-87BD-10C1AFCCDC8A}.Debug|x86.Build.0 = Debug|Win32
		{5CB79181-A632-4DFD-87BD-10C1AFCCDC8A}.Release|x64.ActiveCfg = Release|x64
		{5CB79181-A632-4DFD-87BD-10C1AFCCDC8A}.Release|x64.Build.0 = Release|x64
		{5CB79181-A632-4DFD-87BD-10C1AFCCDC8A}.Release|x86.ActiveCfg = Release|Win32
		{5CB79181-A632-4DFD-87BD-10C1AFCCDC8A}.Release|x86.Build.0 = Release|Win32
		{CA34951B-5483-4741-A6ED-01B7DD23BD98}.Debug|x64.ActiveCfg = Debug|x64
		{CA34951B-5483-4741-A6ED-01B7DD23BD98}.Debug|x64.Build.0 = Debug|x64
		{CA34951B-5483-4741-A6ED-01B7DD23BD98}.Debug|x86.ActiveCfg = Debug|Win32
		{CA34951B-5483-4741-A6ED-01B7DD23BD98}.Debug|x86.Build.0 = Debug|Win32
		{CA34951B-5483-4741-A6ED-01B7DD23BD98}.Release|x64.ActiveCfg = Release|x64
		{CA34951B-5483-4741-A6ED-01B7DD23BD98}.Release|x64.Build.0 = Release|x64
		{CA34951B-5483-4741-A6ED-01B7DD23BD98}.Release|x86.ActiveCfg = Release|Win32
		{CA34951B-5483-4741-A6ED-01B7DD23BD98}.Release|x86.Build.0 = Release|Win32
		{20566AE8-92A9-4F67-9FD8-748F0ADA6972}.Debug|x64.ActiveCfg = Debug|x64
		{20566AE8-92A9-4F67-9FD8-748F0ADA6972}.Debug|x64.Build.0 = Debug|x64
		{20566AE8-92A9-4F67-9FD8-748F0ADA6972}.Debug|x86.ActiveCfg = Debug|Win32
		{20566AE8-92A9-4F67-9FD8-748F0ADA6972}.Debug|x86.Build.0 = Debug|Win32
		{20566AE8-92A9-4F67-9FD8-748F0ADA6972}.Release|x64.ActiveCfg = Release|x64
		{20566AE8-92A9-4F67-9FD8-748F0ADA6972}.Release|x64.Build.0 = Release|x64
		{20566AE8-92A9-4F67-9FD8-748F0ADA6972}.Release|x86.ActiveCfg = Release|Win32
		{20566AE8-92A9-4F67-9FD8-748F0ADA6972}.Release|x86.Build.0 = Release|Win32
		{F0E40B4B-BA9D-454E-862D-E8D2FB90D551}.Debug|x64.ActiveCfg = Debug|x64
		{F0E40B4B-BA9D-454E-862D-E8D2FB90D551}.Debug|x64.Build.0 = Debug|x64
		{F0E40B4B-BA9D-454E-862D-E8D2FB90D551}.Debug|x86.ActiveCfg = Debug|Win32
		{F0E40B4B-BA9D-454E-862D-E8D2FB90D551}.Debug|x86.Build.0 = Debug|Win32
		{F0E40B4B-BA9D-454E-862D-E8D2FB90D551}.Release|x64.ActiveCfg = Release|x64
		{F0E40B4B-BA9D-454E-862D-E8D2FB90D551}.Release|x64.Build.0 = Release|x64
		{F0E40B4B-BA9D-454E-862D-E8D2FB90D551}.Release|x86.ActiveCfg = Release|Win32
		{F0E40B4B-BA9D-454E-862D-E8D2FB90D551}.Release|x86.Build.0 = Release|Win32
		{4F150A30-CECB-49D1-8283-6A3F57438CF5}.Debug|x64.ActiveCfg = Debug|x64
		{4F150A30-CECB-49D1-8283-6A3F57438CF5}.Debug|x64.Build.0 = Debug|x64
		{4F150A30-CECB-49D1-8283-6A3F57438CF5}.Debug|x86.ActiveCfg = Debug|Win32
		{4F150A30-CECB-49D1-8283-6A3F57438CF5}.Debug|x86.Build.0 = Debug|Win32
		{4F150A30-CECB-49D1-8283-6A3F57438CF5}.Release|x64.ActiveCfg = Release|x64
		{4F150A30-CECB-49D1-8283-6A3F57438CF5}.Release|x64.Build.0 = Release|x64
		{4F150A30-CECB-49D1-8283-6A3F57438CF5}.Release|x86.ActiveCfg = Release|Win32
		{4F150A30-CECB-49D1-8283-6A3F57438CF5}.Release|x86.Build.0 = Release|Win32
		{380FB1A7-CC92-4F8D-9254-6834182C7F8D}.Debug|x64.ActiveCfg = Debug|x64
		{380FB1A7-CC92-4F8D-9254-6834182C7F8D}.Debug|x64.Build.0 = Debug|x64
		{380FB1A7-CC92-4F8D-9254-6834182C7F8D}.Debug|x86.ActiveCfg = Debug|Win32
		{380FB1A7-CC92-4F8D-9254-6834182C7F8D}.Debug|x86.Build.0 = Debug|Win32
		{380FB1A7-CC92-4F8D-9254-6834182C7F8D}.Release|x64.ActiveCfg = Release|x64
		{380FB1A7-CC92-4F8D-9254-6834182C7F8D}.Release|x64.Build.0 = Release|x64
		{380FB1A7-CC92-4F8D-9254-6834182C7F8D}.Release|x86.ActiveCfg = Release|Win32
		{380FB1A7-CC92-4F8D-9254-6834182C7F8D}.Release|x86.Build.0 = Release|Win32
	EndGlobalSection
	GlobalSection(SolutionProperties) = preSolution
		HideSolutionNode = FALSE
	EndGlobalSection
	GlobalSection(NestedProjects) = preSolution
		{FE43FAE6-2D45-450D-A80E-78B2E8703E25} = {4BDC85BC-2D4B-4BB1-8075-611D4C7173E0}
		{BC8A934C-61A7-4B59-BAFF-788B7B26832A} = {AF5EDE68-FC3A-4AA8-BFE6-1AE9CD0C5441}
		{7DBE77A2-CB1F-4007-8642-8F41DE1F2D87} = {8E9FEC02-6016-4019-948B-53E19BD17B49}
		{CAB3D668-F259-4D3B-A03C-CA7FA9D08395} = {46C50479-3FE2-4CE1-842B-BC2B0D617002}
		{287EF1D0-4DC9-4D8E-A749-EF669BE5282A} = {4BDC85BC-2D4B-4BB1-8075-611D4C7173E0}
		{66CCE522-C67F-4DB8-96A4-C356FB87A1EF} = {4BDC85BC-2D4B-4BB1-8075-611D4C7173E0}
		{E0B52AE7-E160-4D32-BF3F-910B785E5A8E} = {C944C136-C113-4AFB-8DAF-B677068B1357}
		{4559B067-4DB2-46E7-823D-CB9FDFB4FCEB} = {46C50479-3FE2-4CE1-842B-BC2B0D617002}
		{3629F01A-6FED-42EB-B308-E9F7F1346EAF} = {4BDC85BC-2D4B-4BB1-8075-611D4C7173E0}
		{E21E2606-7E10-4B5B-B705-6FE8BB5A193C} = {F9E85EB0-CAC9-4892-92C1-600A0C5FE81D}
		{84B7E128-0E1D-4AB6-B7B1-F7B1D2A13F05} = {46C50479-3FE2-4CE1-842B-BC2B0D617002}
		{B901F3E9-6456-41B5-ABD1-C2E04AEEEDC9} = {46C50479-3FE2-4CE1-842B-BC2B0D617002}
		{70EB4FFA-0C0E-4786-BF1C-5B9D4D949BBD} = {46C50479-3FE2-4CE1-842B-BC2B0D617002}
		{52D656A2-A2F4-4C54-A3C7-653427BED1E8} = {C944C136-C113-4AFB-8DAF-B677068B1357}
		{7ABFA8B4-3CB8-4D88-8F47-5634AE2E1E16} = {46C50479-3FE2-4CE1-842B-BC2B0D617002}
		{05D614EF-A159-4C9F-9CA2-8F3F68C807F1} = {46C50479-3FE2-4CE1-842B-BC2B0D617002}
		{D9EE7297-A247-4C59-917D-21E02DC62326} = {B384D79C-5C84-4C95-B354-537EB43B3CAC}
		{4D51DD94-8466-41C7-AA4B-081E722A3C00} = {B384D79C-5C84-4C95-B354-537EB43B3CAC}
		{122C67F8-A668-45F8-859C-6A3F5843D158} = {12A4C81D-FB03-49AE-B4AE-AD9C159381D5}
		{B11F511B-022B-4684-956A-6923B585DCB6} = {B384D79C-5C84-4C95-B354-537EB43B3CAC}
		{9EE5339D-BADE-4B6E-B274-53A86890F396} = {B384D79C-5C84-4C95-B354-537EB43B3CAC}
		{DFBD0E7B-7BA1-45F2-95EC-E741B7FAE5A3} = {B384D79C-5C84-4C95-B354-537EB43B3CAC}
		{2B3D87B9-1DD7-42E1-A8FE-B43C68B2EDC3} = {B384D79C-5C84-4C95-B354-537EB43B3CAC}
		{05AA5773-DE91-44E6-905E-74C88787B36A} = {B384D79C-5C84-4C95-B354-537EB43B3CAC}
		{D48768FB-CB28-4553-966B-C28BB12648C0} = {B384D79C-5C84-4C95-B354-537EB43B3CAC}
		{AC68E606-E32A-42B9-BCE7-B2D242282C37} = {97C4436F-8C08-427B-9939-26C0EDD17DC1}
		{9F7435C3-037A-43CF-AD01-AB9F418D703F} = {97C4436F-8C08-427B-9939-26C0EDD17DC1}
		{D6D2A066-6CF4-46BC-BC9C-207769C41A00} = {97C4436F-8C08-427B-9939-26C0EDD17DC1}
		{516192EB-788A-4FE7-B2B7-2EF9AC036B12} = {C944C136-C113-4AFB-8DAF-B677068B1357}
		{23237887-AAB7-4D0A-8F2C-F1E58C731902} = {4BDC85BC-2D4B-4BB1-8075-611D4C7173E0}
		{5CB79181-A632-4DFD-87BD-10C1AFCCDC8A} = {97C4436F-8C08-427B-9939-26C0EDD17DC1}
		{CA34951B-5483-4741-A6ED-01B7DD23BD98} = {97C4436F-8C08-427B-9939-26C0EDD17DC1}
		{20566AE8-92A9-4F67-9FD8-748F0ADA6972} = {97C4436F-8C08-427B-9939-26C0EDD17DC1}
		{F0E40B4B-BA9D-454E-862D-E8D2FB90D551} = {97C4436F-8C08-427B-9939-26C0EDD17DC1}
		{4F150A30-CECB-49D1-8283-6A3F57438CF5} = {C944C136-C113-4AFB-8DAF-B677068B1357}
		{380FB1A7-CC92-4F8D-9254-6834182C7F8D} = {4BDC85BC-2D4B-4BB1-8075-611D4C7173E0}
	EndGlobalSection
	GlobalSection(ExtensibilityGlobals) = postSolution
		SolutionGuid = {A6F24B03-457C-4C19-B6A6-A4AF04583A64}
	EndGlobalSection
EndGlobal
